
Microsoft Visual Studio Solution File, Format Version 12.00
# Visual Studio Version 16
VisualStudioVersion = 16.0.29519.87
MinimumVisualStudioVersion = 10.0.40219.1
Project("{8BC9CEB8-8B4A-11D0-8D11-00A0C91BC942}") = "SdkTest", "SdkTest.vcxproj", "{408F4E4A-1F65-4EE9-9669-098CEBBFF005}"
EndProject
Global
	GlobalSection(SolutionConfigurationPlatforms) = preSolution
		Debug|x64 = Debug|x64
		Debug|x86 = Debug|x86
		Release|x64 = Release|x64
		Release|x86 = Release|x86
	EndGlobalSection
	GlobalSection(ProjectConfigurationPlatforms) = postSolution
		{408F4E4A-1F65-4EE9-9669-098CEBBFF005}.Debug|x64.ActiveCfg = Debug|x64
		{408F4E4A-1F65-4EE9-9669-098CEBBFF005}.Debug|x64.Build.0 = Debug|x64
		{408F4E4A-1F65-4EE9-9669-098CEBBFF005}.Debug|x86.ActiveCfg = Debug|Win32
		{408F4E4A-1F65-4EE9-9669-098CEBBFF005}.Debug|x86.Build.0 = Debug|Win32
		{408F4E4A-1F65-4EE9-9669-098CEBBFF005}.Release|x64.ActiveCfg = Release|x64
		{408F4E4A-1F65-4EE9-9669-098CEBBFF005}.Release|x64.Build.0 = Release|x64
		{408F4E4A-1F65-4EE9-9669-098CEBBFF005}.Release|x86.ActiveCfg = Release|Win32
		{408F4E4A-1F65-4EE9-9669-098CEBBFF005}.Release|x86.Build.0 = Release|Win32
	EndGlobalSection
	GlobalSection(SolutionProperties) = preSolution
		HideSolutionNode = FALSE
	EndGlobalSection
	GlobalSection(ExtensibilityGlobals) = postSolution
		SolutionGuid = {300D3CB4-C438-4D8A-8627-5F866613BD2F}
	EndGlobalSection
EndGlobal
